
Microsoft Visual Studio Solution File, Format Version 12.00
# Visual Studio 2012
Project("{FAE04EC0-301F-11D3-BF4B-00C04F79EFBC}") = "MentimeterBot", "MentimeterBot.csproj", "{FAFCCCE9-BF26-4A61-A07A-2BA8B2A91273}"
EndProject
Global
	GlobalSection(SolutionConfigurationPlatforms) = preSolution
		Debug|Any CPU = Debug|Any CPU
		Release|Any CPU = Release|Any CPU
	EndGlobalSection
	GlobalSection(ProjectConfigurationPlatforms) = postSolution
		{FAFCCCE9-BF26-4A61-A07A-2BA8B2A91273}.Debug|Any CPU.ActiveCfg = Debug|Any CPU
		{FAFCCCE9-BF26-4A61-A07A-2BA8B2A91273}.Debug|Any CPU.Build.0 = Debug|Any CPU
		{FAFCCCE9-BF26-4A61-A07A-2BA8B2A91273}.Release|Any CPU.ActiveCfg = Release|Any CPU
		{FAFCCCE9-BF26-4A61-A07A-2BA8B2A91273}.Release|Any CPU.Build.0 = Release|Any CPU
	EndGlobalSection
	GlobalSection(SolutionProperties) = preSolution
		HideSolutionNode = FALSE
	EndGlobalSection
EndGlobal
